{
  "name": "prompter",
  "version": "1.3.0",
  "lockfileVersion": 3,
  "requires": true,
  "packages": {
    "": {
      "name": "prompter",
      "version": "1.3.0",
      "license": "MIT",
      "dependencies": {
        "@vscode/tree-sitter-wasm": "^0.3.1",
        "web-tree-sitter": "^0.26.10"
      },
      "bin": {
        "prompter": "bin/prompter.js"
      },
      "engines": {
        "node": ">=18"
      }
    },
    "node_modules/@vscode/tree-sitter-wasm": {
      "version": "0.3.1",
      "resolved": "https://registry.npmjs.org/@vscode/tree-sitter-wasm/-/tree-sitter-wasm-0.3.1.tgz",
      "integrity": "sha512-RJFoomET6FajjG511fmQxeBQfU6M24a0aFZPqpid+ttIxanWf1VGytBG0UmsGjt07qmIPJS8U31D+aecuCucsQ==",
      "license": "MIT"
    },
    "node_modules/web-tree-sitter": {
      "version": "0.26.10",
      "resolved": "https://registry.npmjs.org/web-tree-sitter/-/web-tree-sitter-0.26.10.tgz",
      "integrity": "sha512-vengBGYS7FpAerkR3o04oBL4L8MkVmjawK50AFBu7v0HZBkmF9ZavPGKoXLSSmRhp7T/YgsJ7joAS3yAxHPEqQ==",
      "license": "MIT"
    }
  }
}
